// !$*UTF8*$!
{
	archiveVersion = 1;
	classes = {
	};
	objectVersion = 55;
	objects = {

/* Begin PBXBuildFile section */
		4F50DD0C27AEC33200806862 /* Assets.xcassets in Resources */ = {isa = PBXBuildFile; fileRef = 4F50DD0B27AEC33200806862 /* Assets.xcassets */; };
		4F50DD0D27AEC4F200806862 /* Assets.xcassets in Resources */ = {isa = PBXBuildFile; fileRef = 4F50DD0B27AEC33200806862 /* Assets.xcassets */; };
		4F50DD0E27AEC4F300806862 /* Assets.xcassets in Resources */ = {isa = PBXBuildFile; fileRef = 4F50DD0B27AEC33200806862 /* Assets.xcassets */; };
		4F77AD4227AEABE400233EB8 /* AppDelegate.swift in Sources */ = {isa = PBXBuildFile; fileRef = 4F77AD4127AEABE400233EB8 /* AppDelegate.swift */; };
		4F77AD4427AEABE400233EB8 /* SceneDelegate.swift in Sources */ = {isa = PBXBuildFile; fileRef = 4F77AD4327AEABE400233EB8 /* SceneDelegate.swift */; };
		4F77AD4627AEABE400233EB8 /* ViewController.swift in Sources */ = {isa = PBXBuildFile; fileRef = 4F77AD4527AEABE400233EB8 /* ViewController.swift */; };
		4F77AD4927AEABE400233EB8 /* Main.storyboard in Resources */ = {isa = PBXBuildFile; fileRef = 4F77AD4727AEABE400233EB8 /* Main.storyboard */; };
		4F77AD4E27AEABE500233EB8 /* LaunchScreen.storyboard in Resources */ = {isa = PBXBuildFile; fileRef = 4F77AD4C27AEABE500233EB8 /* LaunchScreen.storyboard */; };
		4F77AD5927AEABE500233EB8 /* PearEventTests.swift in Sources */ = {isa = PBXBuildFile; fileRef = 4F77AD5827AEABE500233EB8 /* PearEventTests.swift */; };
		4F77AD6327AEABE500233EB8 /* PearEventUITests.swift in Sources */ = {isa = PBXBuildFile; fileRef = 4F77AD6227AEABE500233EB8 /* PearEventUITests.swift */; };
		4F77AD6527AEABE500233EB8 /* PearEventUITestsLaunchTests.swift in Sources */ = {isa = PBXBuildFile; fileRef = 4F77AD6427AEABE500233EB8 /* PearEventUITestsLaunchTests.swift */; };
/* End PBXBuildFile section */

/* Begin PBXContainerItemProxy section */
		4F77AD5527AEABE500233EB8 /* PBXContainerItemProxy */ = {
			isa = PBXContainerItemProxy;
			containerPortal = 4F77AD3627AEABE400233EB8 /* Project object */;
			proxyType = 1;
			remoteGlobalIDString = 4F77AD3D27AEABE400233EB8;
			remoteInfo = PearEvent;
		};
		4F77AD5F27AEABE500233EB8 /* PBXContainerItemProxy */ = {
			isa = PBXContainerItemProxy;
			containerPortal = 4F77AD3627AEABE400233EB8 /* Project object */;
			proxyType = 1;
			remoteGlobalIDString = 4F77AD3D27AEABE400233EB8;
			remoteInfo = PearEvent;
		};
/* End PBXContainerItemProxy section */

/* Begin PBXFileReference section */
		4F50DD0B27AEC33200806862 /* Assets.xcassets */ = {isa = PBXFileReference; lastKnownFileType = folder.assetcatalog; name = Assets.xcassets; path = ../Assets.xcassets; sourceTree = "<group>"; };
		4F77AD3E27AEABE400233EB8 /* PearEvent.app */ = {isa = PBXFileReference; explicitFileType = wrapper.application; includeInIndex = 0; path = PearEvent.app; sourceTree = BUILT_PRODUCTS_DIR; };
		4F77AD4127AEABE400233EB8 /* AppDelegate.swift */ = {isa = PBXFileReference; lastKnownFileType = sourcecode.swift; path = AppDelegate.swift; sourceTree = "<group>"; };
		4F77AD4327AEABE400233EB8 /* SceneDelegate.swift */ = {isa = PBXFileReference; lastKnownFileType = sourcecode.swift; path = SceneDelegate.swift; sourceTree = "<group>"; };
		4F77AD4527AEABE400233EB8 /* ViewController.swift */ = {isa = PBXFileReference; lastKnownFileType = sourcecode.swift; path = ViewController.swift; sourceTree = "<group>"; };
		4F77AD4827AEABE400233EB8 /* Base */ = {isa = PBXFileReference; lastKnownFileType = file.storyboard; name = Base; path = Base.lproj/Main.storyboard; sourceTree = "<group>"; };
		4F77AD4D27AEABE500233EB8 /* Base */ = {isa = PBXFileReference; lastKnownFileType = file.storyboard; name = Base; path = Base.lproj/LaunchScreen.storyboard; sourceTree = "<group>"; };
		4F77AD4F27AEABE500233EB8 /* Info.plist */ = {isa = PBXFileReference; lastKnownFileType = text.plist.xml; path = Info.plist; sourceTree = "<group>"; };
		4F77AD5427AEABE500233EB8 /* PearEventTests.xctest */ = {isa = PBXFileReference; explicitFileType = wrapper.cfbundle; includeInIndex = 0; path = PearEventTests.xctest; sourceTree = BUILT_PRODUCTS_DIR; };
		4F77AD5827AEABE500233EB8 /* PearEventTests.swift */ = {isa = PBXFileReference; lastKnownFileType = sourcecode.swift; path = PearEventTests.swift; sourceTree = "<group>"; };
		4F77AD5E27AEABE500233EB8 /* PearEventUITests.xctest */ = {isa = PBXFileReference; explicitFileType = wrapper.cfbundle; includeInIndex = 0; path = PearEventUITests.xctest; sourceTree = BUILT_PRODUCTS_DIR; };
		4F77AD6227AEABE500233EB8 /* PearEventUITests.swift */ = {isa = PBXFileReference; lastKnownFileType = sourcecode.swift; path = PearEventUITests.swift; sourceTree = "<group>"; };
		4F77AD6427AEABE500233EB8 /* PearEventUITestsLaunchTests.swift */ = {isa = PBXFileReference; lastKnownFileType = sourcecode.swift; path = PearEventUITestsLaunchTests.swift; sourceTree = "<group>"; };
/* End PBXFileReference section */

/* Begin PBXFrameworksBuildPhase section */
		4F77AD3B27AEABE400233EB8 /* Frameworks */ = {
			isa = PBXFrameworksBuildPhase;
			buildActionMask = 2147483647;
			files = (
			);
			runOnlyForDeploymentPostprocessing = 0;
		};
		4F77AD5127AEABE500233EB8 /* Frameworks */ = {
			isa = PBXFrameworksBuildPhase;
			buildActionMask = 2147483647;
			files = (
			);
			runOnlyForDeploymentPostprocessing = 0;
		};
		4F77AD5B27AEABE500233EB8 /* Frameworks */ = {
			isa = PBXFrameworksBuildPhase;
			buildActionMask = 2147483647;
			files = (
			);
			runOnlyForDeploymentPostprocessing = 0;
		};
/* End PBXFrameworksBuildPhase section */

/* Begin PBXGroup section */
		4F77AD3527AEABE400233EB8 = {
			isa = PBXGroup;
			children = (
				4F77AD4027AEABE400233EB8 /* PearEvent */,
				4F77AD5727AEABE500233EB8 /* PearEventTests */,
				4F77AD6127AEABE500233EB8 /* PearEventUITests */,
				4F77AD3F27AEABE400233EB8 /* Products */,
			);
			sourceTree = "<group>";
		};
		4F77AD3F27AEABE400233EB8 /* Products */ = {
			isa = PBXGroup;
			children = (
				4F77AD3E27AEABE400233EB8 /* PearEvent.app */,
				4F77AD5427AEABE500233EB8 /* PearEventTests.xctest */,
				4F77AD5E27AEABE500233EB8 /* PearEventUITests.xctest */,
			);
			name = Products;
			sourceTree = "<group>";
		};
		4F77AD4027AEABE400233EB8 /* PearEvent */ = {
			isa = PBXGroup;
			children = (
				4F77AD4127AEABE400233EB8 /* AppDelegate.swift */,
				4F77AD4327AEABE400233EB8 /* SceneDelegate.swift */,
				4F77AD4527AEABE400233EB8 /* ViewController.swift */,
				4F77AD4727AEABE400233EB8 /* Main.storyboard */,
				4F77AD4C27AEABE500233EB8 /* LaunchScreen.storyboard */,
				4F77AD4F27AEABE500233EB8 /* Info.plist */,
				4F50DD0B27AEC33200806862 /* Assets.xcassets */,
			);
			path = PearEvent;
			sourceTree = "<group>";
		};
		4F77AD5727AEABE500233EB8 /* PearEventTests */ = {
			isa = PBXGroup;
			children = (
				4F77AD5827AEABE500233EB8 /* PearEventTests.swift */,
			);
			path = PearEventTests;
			sourceTree = "<group>";
		};
		4F77AD6127AEABE500233EB8 /* PearEventUITests */ = {
			isa = PBXGroup;
			children = (
				4F77AD6227AEABE500233EB8 /* PearEventUITests.swift */,
				4F77AD6427AEABE500233EB8 /* PearEventUITestsLaunchTests.swift */,
			);
			path = PearEventUITests;
			sourceTree = "<group>";
		};
/* End PBXGroup section */

/* Begin PBXNativeTarget section */
		4F77AD3D27AEABE400233EB8 /* PearEvent */ = {
			isa = PBXNativeTarget;
			buildConfigurationList = 4F77AD6827AEABE500233EB8 /* Build configuration list for PBXNativeTarget "PearEvent" */;
			buildPhases = (
				4F77AD3A27AEABE400233EB8 /* Sources */,
				4F77AD3B27AEABE400233EB8 /* Frameworks */,
				4F77AD3C27AEABE400233EB8 /* Resources */,
			);
			buildRules = (
			);
			dependencies = (
			);
			name = PearEvent;
			productName = PearEvent;
			productReference = 4F77AD3E27AEABE400233EB8 /* PearEvent.app */;
			productType = "com.apple.product-type.application";
		};
		4F77AD5327AEABE500233EB8 /* PearEventTests */ = {
			isa = PBXNativeTarget;
			buildConfigurationList = 4F77AD6B27AEABE500233EB8 /* Build configuration list for PBXNativeTarget "PearEventTests" */;
			buildPhases = (
				4F77AD5027AEABE500233EB8 /* Sources */,
				4F77AD5127AEABE500233EB8 /* Frameworks */,
				4F77AD5227AEABE500233EB8 /* Resources */,
			);
			buildRules = (
			);
			dependencies = (
				4F77AD5627AEABE500233EB8 /* PBXTargetDependency */,
			);
			name = PearEventTests;
			productName = PearEventTests;
			productReference = 4F77AD5427AEABE500233EB8 /* PearEventTests.xctest */;
			productType = "com.apple.product-type.bundle.unit-test";
		};
		4F77AD5D27AEABE500233EB8 /* PearEventUITests */ = {
			isa = PBXNativeTarget;
			buildConfigurationList = 4F77AD6E27AEABE500233EB8 /* Build configuration list for PBXNativeTarget "PearEventUITests" */;
			buildPhases = (
				4F77AD5A27AEABE500233EB8 /* Sources */,
				4F77AD5B27AEABE500233EB8 /* Frameworks */,
				4F77AD5C27AEABE500233EB8 /* Resources */,
			);
			buildRules = (
			);
			dependencies = (
				4F77AD6027AEABE500233EB8 /* PBXTargetDependency */,
			);
			name = PearEventUITests;
			productName = PearEventUITests;
			productReference = 4F77AD5E27AEABE500233EB8 /* PearEventUITests.xctest */;
			productType = "com.apple.product-type.bundle.ui-testing";
		};
/* End PBXNativeTarget section */

/* Begin PBXProject section */
		4F77AD3627AEABE400233EB8 /* Project object */ = {
			isa = PBXProject;
			attributes = {
				BuildIndependentTargetsInParallel = 1;
				LastSwiftUpdateCheck = 1320;
				LastUpgradeCheck = 1320;
				TargetAttributes = {
					4F77AD3D27AEABE400233EB8 = {
						CreatedOnToolsVersion = 13.2.1;
					};
					4F77AD5327AEABE500233EB8 = {
						CreatedOnToolsVersion = 13.2.1;
						TestTargetID = 4F77AD3D27AEABE400233EB8;
					};
					4F77AD5D27AEABE500233EB8 = {
						CreatedOnToolsVersion = 13.2.1;
						TestTargetID = 4F77AD3D27AEABE400233EB8;
					};
				};
			};
			buildConfigurationList = 4F77AD3927AEABE400233EB8 /* Build configuration list for PBXProject "PearEvent" */;
			compatibilityVersion = "Xcode 13.0";
			developmentRegion = en;
			hasScannedForEncodings = 0;
			knownRegions = (
				en,
				Base,
			);
			mainGroup = 4F77AD3527AEABE400233EB8;
			productRefGroup = 4F77AD3F27AEABE400233EB8 /* Products */;
			projectDirPath = "";
			projectRoot = "";
			targets = (
				4F77AD3D27AEABE400233EB8 /* PearEvent */,
				4F77AD5327AEABE500233EB8 /* PearEventTests */,
				4F77AD5D27AEABE500233EB8 /* PearEventUITests */,
			);
		};
/* End PBXProject section */

/* Begin PBXResourcesBuildPhase section */
		4F77AD3C27AEABE400233EB8 /* Resources */ = {
			isa = PBXResourcesBuildPhase;
			buildActionMask = 2147483647;
			files = (
				4F77AD4E27AEABE500233EB8 /* LaunchScreen.storyboard in Resources */,
				4F50DD0C27AEC33200806862 /* Assets.xcassets in Resources */,
				4F77AD4927AEABE400233EB8 /* Main.storyboard in Resources */,
			);
			runOnlyForDeploymentPostprocessing = 0;
		};
		4F77AD5227AEABE500233EB8 /* Resources */ = {
			isa = PBXResourcesBuildPhase;
			buildActionMask = 2147483647;
			files = (
				4F50DD0D27AEC4F200806862 /* Assets.xcassets in Resources */,
			);
			runOnlyForDeploymentPostprocessing = 0;
		};
		4F77AD5C27AEABE500233EB8 /* Resources */ = {
			isa = PBXResourcesBuildPhase;
			buildActionMask = 2147483647;
			files = (
				4F50DD0E27AEC4F300806862 /* Assets.xcassets in Resources */,
			);
			runOnlyForDeploymentPostprocessing = 0;
		};
/* End PBXResourcesBuildPhase section */

/* Begin PBXSourcesBuildPhase section */
		4F77AD3A27AEABE400233EB8 /* Sources */ = {
			isa = PBXSourcesBuildPhase;
			buildActionMask = 2147483647;
			files = (
				4F77AD4627AEABE400233EB8 /* ViewController.swift in Sources */,
				4F77AD4227AEABE400233EB8 /* AppDelegate.swift in Sources */,
				4F77AD4427AEABE400233EB8 /* SceneDelegate.swift in Sources */,
			);
			runOnlyForDeploymentPostprocessing = 0;
		};
		4F77AD5027AEABE500233EB8 /* Sources */ = {
			isa = PBXSourcesBuildPhase;
			buildActionMask = 2147483647;
			files = (
				4F77AD5927AEABE500233EB8 /* PearEventTests.swift in Sources */,
			);
			runOnlyForDeploymentPostprocessing = 0;
		};
		4F77AD5A27AEABE500233EB8 /* Sources */ = {
			isa = PBXSourcesBuildPhase;
			buildActionMask = 2147483647;
			files = (
				4F77AD6327AEABE500233EB8 /* PearEventUITests.swift in Sources */,
				4F77AD6527AEABE500233EB8 /* PearEventUITestsLaunchTests.swift in Sources */,
			);
			runOnlyForDeploymentPostprocessing = 0;
		};
/* End PBXSourcesBuildPhase section */

/* Begin PBXTargetDependency section */
		4F77AD5627AEABE500233EB8 /* PBXTargetDependency */ = {
			isa = PBXTargetDependency;
			target = 4F77AD3D27AEABE400233EB8 /* PearEvent */;
			targetProxy = 4F77AD5527AEABE500233EB8 /* PBXContainerItemProxy */;
		};
		4F77AD6027AEABE500233EB8 /* PBXTargetDependency */ = {
			isa = PBXTargetDependency;
			target = 4F77AD3D27AEABE400233EB8 /* PearEvent */;
			targetProxy = 4F77AD5F27AEABE500233EB8 /* PBXContainerItemProxy */;
		};
/* End PBXTargetDependency section */

/* Begin PBXVariantGroup section */
		4F77AD4727AEABE400233EB8 /* Main.storyboard */ = {
			isa = PBXVariantGroup;
			children = (
				4F77AD4827AEABE400233EB8 /* Base */,
			);
			name = Main.storyboard;
			sourceTree = "<group>";
		};
		4F77AD4C27AEABE500233EB8 /* LaunchScreen.storyboard */ = {
			isa = PBXVariantGroup;
			children = (
				4F77AD4D27AEABE500233EB8 /* Base */,
			);
			name = LaunchScreen.storyboard;
			sourceTree = "<group>";
		};
/* End PBXVariantGroup section */

/* Begin XCBuildConfiguration section */
		4F77AD6627AEABE500233EB8 /* Debug */ = {
			isa = XCBuildConfiguration;
			buildSettings = {
				ALWAYS_SEARCH_USER_PATHS = NO;
				CLANG_ANALYZER_NONNULL = YES;
				CLANG_ANALYZER_NUMBER_OBJECT_CONVERSION = YES_AGGRESSIVE;
				CLANG_CXX_LANGUAGE_STANDARD = "gnu++17";
				CLANG_CXX_LIBRARY = "libc++";
				CLANG_ENABLE_MODULES = YES;
				CLANG_ENABLE_OBJC_ARC = YES;
				CLANG_ENABLE_OBJC_WEAK = YES;
				CLANG_WARN_BLOCK_CAPTURE_AUTORELEASING = YES;
				CLANG_WARN_BOOL_CONVERSION = YES;
				CLANG_WARN_COMMA = YES;
				CLANG_WARN_CONSTANT_CONVERSION = YES;
				CLANG_WARN_DEPRECATED_OBJC_IMPLEMENTATIONS = YES;
				CLANG_WARN_DIRECT_OBJC_ISA_USAGE = YES_ERROR;
				CLANG_WARN_DOCUMENTATION_COMMENTS = YES;
				CLANG_WARN_EMPTY_BODY = YES;
				CLANG_WARN_ENUM_CONVERSION = YES;
				CLANG_WARN_INFINITE_RECURSION = YES;
				CLANG_WARN_INT_CONVERSION = YES;
				CLANG_WARN_NON_LITERAL_NULL_CONVERSION = YES;
				CLANG_WARN_OBJC_IMPLICIT_RETAIN_SELF = YES;
				CLANG_WARN_OBJC_LITERAL_CONVERSION = YES;
				CLANG_WARN_OBJC_ROOT_CLASS = YES_ERROR;
				CLANG_WARN_QUOTED_INCLUDE_IN_FRAMEWORK_HEADER = YES;
				CLANG_WARN_RANGE_LOOP_ANALYSIS = YES;
				CLANG_WARN_STRICT_PROTOTYPES = YES;
				CLANG_WARN_SUSPICIOUS_MOVE = YES;
				CLANG_WARN_UNGUARDED_AVAILABILITY = YES_AGGRESSIVE;
				CLANG_WARN_UNREACHABLE_CODE = YES;
				CLANG_WARN__DUPLICATE_METHOD_MATCH = YES;
				COPY_PHASE_STRIP = NO;
				DEBUG_INFORMATION_FORMAT = dwarf;
				ENABLE_STRICT_OBJC_MSGSEND = YES;
				ENABLE_TESTABILITY = YES;
				GCC_C_LANGUAGE_STANDARD = gnu11;
				GCC_DYNAMIC_NO_PIC = NO;
				GCC_NO_COMMON_BLOCKS = YES;
				GCC_OPTIMIZATION_LEVEL = 0;
				GCC_PREPROCESSOR_DEFINITIONS = (
					"DEBUG=1",
					"$(inherited)",
				);
				GCC_WARN_64_TO_32_BIT_CONVERSION = YES;
				GCC_WARN_ABOUT_RETURN_TYPE = YES_ERROR;
				GCC_WARN_UNDECLARED_SELECTOR = YES;
				GCC_WARN_UNINITIALIZED_AUTOS = YES_AGGRESSIVE;
				GCC_WARN_UNUSED_FUNCTION = YES;
				GCC_WARN_UNUSED_VARIABLE = YES;
				IPHONEOS_DEPLOYMENT_TARGET = 15.2;
				MTL_ENABLE_DEBUG_INFO = INCLUDE_SOURCE;
				MTL_FAST_MATH = YES;
				ONLY_ACTIVE_ARCH = YES;
				SDKROOT = iphoneos;
				SWIFT_ACTIVE_COMPILATION_CONDITIONS = DEBUG;
				SWIFT_OPTIMIZATION_LEVEL = "-Onone";
			};
			name = Debug;
		};
		4F77AD6727AEABE500233EB8 /* Release */ = {
			isa = XCBuildConfiguration;
			buildSettings = {
				ALWAYS_SEARCH_USER_PATHS = NO;
				CLANG_ANALYZER_NONNULL = YES;
				CLANG_ANALYZER_NUMBER_OBJECT_CONVERSION = YES_AGGRESSIVE;
				CLANG_CXX_LANGUAGE_STANDARD = "gnu++17";
				CLANG_CXX_LIBRARY = "libc++";
				CLANG_ENABLE_MODULES = YES;
				CLANG_ENABLE_OBJC_ARC = YES;
				CLANG_ENABLE_OBJC_WEAK = YES;
				CLANG_WARN_BLOCK_CAPTURE_AUTORELEASING = YES;
				CLANG_WARN_BOOL_CONVERSION = YES;
				CLANG_WARN_COMMA = YES;
				CLANG_WARN_CONSTANT_CONVERSION = YES;
				CLANG_WARN_DEPRECATED_OBJC_IMPLEMENTATIONS = YES;
				CLANG_WARN_DIRECT_OBJC_ISA_USAGE = YES_ERROR;
				CLANG_WARN_DOCUMENTATION_COMMENTS = YES;
				CLANG_WARN_EMPTY_BODY = YES;
				CLANG_WARN_ENUM_CONVERSION = YES;
				CLANG_WARN_INFINITE_RECURSION = YES;
				CLANG_WARN_INT_CONVERSION = YES;
				CLANG_WARN_NON_LITERAL_NULL_CONVERSION = YES;
				CLANG_WARN_OBJC_IMPLICIT_RETAIN_SELF = YES;
				CLANG_WARN_OBJC_LITERAL_CONVERSION = YES;
				CLANG_WARN_OBJC_ROOT_CLASS = YES_ERROR;
				CLANG_WARN_QUOTED_INCLUDE_IN_FRAMEWORK_HEADER = YES;
				CLANG_WARN_RANGE_LOOP_ANALYSIS = YES;
				CLANG_WARN_STRICT_PROTOTYPES = YES;
				CLANG_WARN_SUSPICIOUS_MOVE = YES;
				CLANG_WARN_UNGUARDED_AVAILABILITY = YES_AGGRESSIVE;
				CLANG_WARN_UNREACHABLE_CODE = YES;
				CLANG_WARN__DUPLICATE_METHOD_MATCH = YES;
				COPY_PHASE_STRIP = NO;
				DEBUG_INFORMATION_FORMAT = "dwarf-with-dsym";
				ENABLE_NS_ASSERTIONS = NO;
				ENABLE_STRICT_OBJC_MSGSEND = YES;
				GCC_C_LANGUAGE_STANDARD = gnu11;
				GCC_NO_COMMON_BLOCKS = YES;
				GCC_WARN_64_TO_32_BIT_CONVERSION = YES;
				GCC_WARN_ABOUT_RETURN_TYPE = YES_ERROR;
				GCC_WARN_UNDECLARED_SELECTOR = YES;
				GCC_WARN_UNINITIALIZED_AUTOS = YES_AGGRESSIVE;
				GCC_WARN_UNUSED_FUNCTION = YES;
				GCC_WARN_UNUSED_VARIABLE = YES;
				IPHONEOS_DEPLOYMENT_TARGET = 15.2;
				MTL_ENABLE_DEBUG_INFO = NO;
				MTL_FAST_MATH = YES;
				SDKROOT = iphoneos;
				SWIFT_COMPILATION_MODE = wholemodule;
				SWIFT_OPTIMIZATION_LEVEL = "-O";
				VALIDATE_PRODUCT = YES;
			};
			name = Release;
		};
		4F77AD6927AEABE500233EB8 /* Debug */ = {
			isa = XCBuildConfiguration;
			buildSettings = {
				ASSETCATALOG_COMPILER_GLOBAL_ACCENT_COLOR_NAME = AccentColor;
				CODE_SIGN_STYLE = Automatic;
				CURRENT_PROJECT_VERSION = 1;
				GENERATE_INFOPLIST_FILE = YES;
				INFOPLIST_FILE = PearEvent/Info.plist;
				INFOPLIST_KEY_UIApplicationSupportsIndirectInputEvents = YES;
				INFOPLIST_KEY_UILaunchStoryboardName = LaunchScreen;
				INFOPLIST_KEY_UIMainStoryboardFile = Main;
				INFOPLIST_KEY_UISupportedInterfaceOrientations_iPad = "UIInterfaceOrientationPortrait UIInterfaceOrientationPortraitUpsideDown UIInterfaceOrientationLandscapeLeft UIInterfaceOrientationLandscapeRight";
				INFOPLIST_KEY_UISupportedInterfaceOrientations_iPhone = "UIInterfaceOrientationPortrait UIInterfaceOrientationLandscapeLeft UIInterfaceOrientationLandscapeRight";
				LD_RUNPATH_SEARCH_PATHS = (
					"$(inherited)",
					"@executable_path/Frameworks",
				);
				MARKETING_VERSION = 1.0;
				PRODUCT_BUNDLE_IDENTIFIER = Event.PearEvent;
				PRODUCT_NAME = "$(TARGET_NAME)";
				SWIFT_EMIT_LOC_STRINGS = YES;
				SWIFT_VERSION = 5.0;
				TARGETED_DEVICE_FAMILY = "1,2";
			};
			name = Debug;
		};
		4F77AD6A27AEABE500233EB8 /* Release */ = {
			isa = XCBuildConfiguration;
			buildSettings = {
				ASSETCATALOG_COMPILER_GLOBAL_ACCENT_COLOR_NAME = AccentColor;
				CODE_SIGN_STYLE = Automatic;
				CURRENT_PROJECT_VERSION = 1;
				GENERATE_INFOPLIST_FILE = YES;
				INFOPLIST_FILE = PearEvent/Info.plist;
				INFOPLIST_KEY_UIApplicationSupportsIndirectInputEvents = YES;
				INFOPLIST_KEY_UILaunchStoryboardName = LaunchScreen;
				INFOPLIST_KEY_UIMainStoryboardFile = Main;
				INFOPLIST_KEY_UISupportedInterfaceOrientations_iPad = "UIInterfaceOrientationPortrait UIInterfaceOrientationPortraitUpsideDown UIInterfaceOrientationLandscapeLeft UIInterfaceOrientationLandscapeRight";
				INFOPLIST_KEY_UISupportedInterfaceOrientations_iPhone = "UIInterfaceOrientationPortrait UIInterfaceOrientationLandscapeLeft UIInterfaceOrientationLandscapeRight";
				LD_RUNPATH_SEARCH_PATHS = (
					"$(inherited)",
					"@executable_path/Frameworks",
				);
				MARKETING_VERSION = 1.0;
				PRODUCT_BUNDLE_IDENTIFIER = Event.PearEvent;
				PRODUCT_NAME = "$(TARGET_NAME)";
				SWIFT_EMIT_LOC_STRINGS = YES;
				SWIFT_VERSION = 5.0;
				TARGETED_DEVICE_FAMILY = "1,2";
			};
			name = Release;
		};
		4F77AD6C27AEABE500233EB8 /* Debug */ = {
			isa = XCBuildConfiguration;
			buildSettings = {
				ALWAYS_EMBED_SWIFT_STANDARD_LIBRARIES = YES;
				BUNDLE_LOADER = "$(TEST_HOST)";
				CODE_SIGN_STYLE = Automatic;
				CURRENT_PROJECT_VERSION = 1;
				GENERATE_INFOPLIST_FILE = YES;
				IPHONEOS_DEPLOYMENT_TARGET = 15.2;
				MARKETING_VERSION = 1.0;
				PRODUCT_BUNDLE_IDENTIFIER = Event.PearEventTests;
				PRODUCT_NAME = "$(TARGET_NAME)";
				SWIFT_EMIT_LOC_STRINGS = NO;
				SWIFT_VERSION = 5.0;
				TARGETED_DEVICE_FAMILY = "1,2";
				TEST_HOST = "$(BUILT_PRODUCTS_DIR)/PearEvent.app/PearEvent";
			};
			name = Debug;
		};
		4F77AD6D27AEABE500233EB8 /* Release */ = {
			isa = XCBuildConfiguration;
			buildSettings = {
				ALWAYS_EMBED_SWIFT_STANDARD_LIBRARIES = YES;
				BUNDLE_LOADER = "$(TEST_HOST)";
				CODE_SIGN_STYLE = Automatic;
				CURRENT_PROJECT_VERSION = 1;
				GENERATE_INFOPLIST_FILE = YES;
				IPHONEOS_DEPLOYMENT_TARGET = 15.2;
				MARKETING_VERSION = 1.0;
				PRODUCT_BUNDLE_IDENTIFIER = Event.PearEventTests;
				PRODUCT_NAME = "$(TARGET_NAME)";
				SWIFT_EMIT_LOC_STRINGS = NO;
				SWIFT_VERSION = 5.0;
				TARGETED_DEVICE_FAMILY = "1,2";
				TEST_HOST = "$(BUILT_PRODUCTS_DIR)/PearEvent.app/PearEvent";
			};
			name = Release;
		};
		4F77AD6F27AEABE500233EB8 /* Debug */ = {
			isa = XCBuildConfiguration;
			buildSettings = {
				ALWAYS_EMBED_SWIFT_STANDARD_LIBRARIES = YES;
				CODE_SIGN_STYLE = Automatic;
				CURRENT_PROJECT_VERSION = 1;
				GENERATE_INFOPLIST_FILE = YES;
				MARKETING_VERSION = 1.0;
				PRODUCT_BUNDLE_IDENTIFIER = Event.PearEventUITests;
				PRODUCT_NAME = "$(TARGET_NAME)";
				SWIFT_EMIT_LOC_STRINGS = NO;
				SWIFT_VERSION = 5.0;
				TARGETED_DEVICE_FAMILY = "1,2";
				TEST_TARGET_NAME = PearEvent;
			};
			name = Debug;
		};
		4F77AD7027AEABE500233EB8 /* Release */ = {
			isa = XCBuildConfiguration;
			buildSettings = {
				ALWAYS_EMBED_SWIFT_STANDARD_LIBRARIES = YES;
				CODE_SIGN_STYLE = Automatic;
				CURRENT_PROJECT_VERSION = 1;
				GENERATE_INFOPLIST_FILE = YES;
				MARKETING_VERSION = 1.0;
				PRODUCT_BUNDLE_IDENTIFIER = Event.PearEventUITests;
				PRODUCT_NAME = "$(TARGET_NAME)";
				SWIFT_EMIT_LOC_STRINGS = NO;
				SWIFT_VERSION = 5.0;
				TARGETED_DEVICE_FAMILY = "1,2";
				TEST_TARGET_NAME = PearEvent;
			};
			name = Release;
		};
/* End XCBuildConfiguration section */

/* Begin XCConfigurationList section */
		4F77AD3927AEABE400233EB8 /* Build configuration list for PBXProject "PearEvent" */ = {
			isa = XCConfigurationList;
			buildConfigurations = (
				4F77AD6627AEABE500233EB8 /* Debug */,
				4F77AD6727AEABE500233EB8 /* Release */,
			);
			defaultConfigurationIsVisible = 0;
			defaultConfigurationName = Release;
		};
		4F77AD6827AEABE500233EB8 /* Build configuration list for PBXNativeTarget "PearEvent" */ = {
			isa = XCConfigurationList;
			buildConfigurations = (
				4F77AD6927AEABE500233EB8 /* Debug */,
				4F77AD6A27AEABE500233EB8 /* Release */,
			);
			defaultConfigurationIsVisible = 0;
			defaultConfigurationName = Release;
		};
		4F77AD6B27AEABE500233EB8 /* Build configuration list for PBXNativeTarget "PearEventTests" */ = {
			isa = XCConfigurationList;
			buildConfigurations = (
				4F77AD6C27AEABE500233EB8 /* Debug */,
				4F77AD6D27AEABE500233EB8 /* Release */,
			);
			defaultConfigurationIsVisible = 0;
			defaultConfigurationName = Release;
		};
		4F77AD6E27AEABE500233EB8 /* Build configuration list for PBXNativeTarget "PearEventUITests" */ = {
			isa = XCConfigurationList;
			buildConfigurations = (
				4F77AD6F27AEABE500233EB8 /* Debug */,
				4F77AD7027AEABE500233EB8 /* Release */,
			);
			defaultConfigurationIsVisible = 0;
			defaultConfigurationName = Release;
		};
/* End XCConfigurationList section */
	};
	rootObject = 4F77AD3627AEABE400233EB8 /* Project object */;
}
